
Microsoft Visual Studio Solution File, Format Version 12.00
# Visual Studio Version 17
VisualStudioVersion = 17.12.35707.178 d17.12
MinimumVisualStudioVersion = 10.0.40219.1
Project("{FAE04EC0-301F-11D3-BF4B-00C04F79EFBC}") = "Learn.API", "Learn\Learn.API.csproj", "{476EBB5A-C6B6-4230-90CC-377B06ED7E3F}"
EndProject
Project("{FAE04EC0-301F-11D3-BF4B-00C04F79EFBC}") = "Learn.Core", "Learn.Core\Learn.Core.csproj", "{681D7844-48D1-4FDC-8266-FEAF6F7027CD}"
EndProject
Project("{FAE04EC0-301F-11D3-BF4B-00C04F79EFBC}") = "Learn.Repository", "Learn.Repository\Learn.Repository.csproj", "{DE5E1534-8FFA-43FC-B860-CB84CE5C25B1}"
EndProject
Project("{FAE04EC0-301F-11D3-BF4B-00C04F79EFBC}") = "Learn.Service", "Learn.Service\Learn.Service.csproj", "{8C736FB2-4A4B-48FA-B9CA-E339195B04E4}"
EndProject
Global
	GlobalSection(SolutionConfigurationPlatforms) = preSolution
		Debug|Any CPU = Debug|Any CPU
		Release|Any CPU = Release|Any CPU
	EndGlobalSection
	GlobalSection(ProjectConfigurationPlatforms) = postSolution
		{476EBB5A-C6B6-4230-90CC-377B06ED7E3F}.Debug|Any CPU.ActiveCfg = Debug|Any CPU
		{476EBB5A-C6B6-4230-90CC-377B06ED7E3F}.Debug|Any CPU.Build.0 = Debug|Any CPU
		{476EBB5A-C6B6-4230-90CC-377B06ED7E3F}.Release|Any CPU.ActiveCfg = Release|Any CPU
		{476EBB5A-C6B6-4230-90CC-377B06ED7E3F}.Release|Any CPU.Build.0 = Release|Any CPU
		{681D7844-48D1-4FDC-8266-FEAF6F7027CD}.Debug|Any CPU.ActiveCfg = Debug|Any CPU
		{681D7844-48D1-4FDC-8266-FEAF6F7027CD}.Debug|Any CPU.Build.0 = Debug|Any CPU
		{681D7844-48D1-4FDC-8266-FEAF6F7027CD}.Release|Any CPU.ActiveCfg = Release|Any CPU
		{681D7844-48D1-4FDC-8266-FEAF6F7027CD}.Release|Any CPU.Build.0 = Release|Any CPU
		{DE5E1534-8FFA-43FC-B860-CB84CE5C25B1}.Debug|Any CPU.ActiveCfg = Debug|Any CPU
		{DE5E1534-8FFA-43FC-B860-CB84CE5C25B1}.Debug|Any CPU.Build.0 = Debug|Any CPU
		{DE5E1534-8FFA-43FC-B860-CB84CE5C25B1}.Release|Any CPU.ActiveCfg = Release|Any CPU
		{DE5E1534-8FFA-43FC-B860-CB84CE5C25B1}.Release|Any CPU.Build.0 = Release|Any CPU
		{8C736FB2-4A4B-48FA-B9CA-E339195B04E4}.Debug|Any CPU.ActiveCfg = Debug|Any CPU
		{8C736FB2-4A4B-48FA-B9CA-E339195B04E4}.Debug|Any CPU.Build.0 = Debug|Any CPU
		{8C736FB2-4A4B-48FA-B9CA-E339195B04E4}.Release|Any CPU.ActiveCfg = Release|Any CPU
		{8C736FB2-4A4B-48FA-B9CA-E339195B04E4}.Release|Any CPU.Build.0 = Release|Any CPU
	EndGlobalSection
	GlobalSection(SolutionProperties) = preSolution
		HideSolutionNode = FALSE
	EndGlobalSection
EndGlobal
